
Microsoft Visual Studio Solution File, Format Version 12.00
# Visual Studio Version 17
VisualStudioVersion = 17.4.33213.308
MinimumVisualStudioVersion = 10.0.40219.1
Project("{FAE04EC0-301F-11D3-BF4B-00C04F79EFBC}") = "task1", "task1\task1.csproj", "{923F0FAE-5D24-4C60-98E9-BF67C440A19C}"
EndProject
Global
	GlobalSection(SolutionConfigurationPlatforms) = preSolution
		Debug|Any CPU = Debug|Any CPU
		Release|Any CPU = Release|Any CPU
	EndGlobalSection
	GlobalSection(ProjectConfigurationPlatforms) = postSolution
		{923F0FAE-5D24-4C60-98E9-BF67C440A19C}.Debug|Any CPU.ActiveCfg = Debug|Any CPU
		{923F0FAE-5D24-4C60-98E9-BF67C440A19C}.Debug|Any CPU.Build.0 = Debug|Any CPU
		{923F0FAE-5D24-4C60-98E9-BF67C440A19C}.Release|Any CPU.ActiveCfg = Release|Any CPU
		{923F0FAE-5D24-4C60-98E9-BF67C440A19C}.Release|Any CPU.Build.0 = Release|Any CPU
	EndGlobalSection
	GlobalSection(SolutionProperties) = preSolution
		HideSolutionNode = FALSE
	EndGlobalSection
	GlobalSection(ExtensibilityGlobals) = postSolution
		SolutionGuid = {E114149B-E397-4BCE-A1E0-50EE84AFB4FB}
	EndGlobalSection
EndGlobal
